// !$*UTF8*$!
{
	archiveVersion = 1;
	classes = {
	};
	objectVersion = 56;
	objects = {

/* Begin PBXBuildFile section */
		1A41EFB12BA8E96800CE4FB9 /* ExpenseRowView.swift in Sources */ = {isa = PBXBuildFile; fileRef = 1A41EFB02BA8E96800CE4FB9 /* ExpenseRowView.swift */; };
		1A4EAAC62BB1534E0056C110 /* ExpenseData.swift in Sources */ = {isa = PBXBuildFile; fileRef = 1A4EAAC52BB1534E0056C110 /* ExpenseData.swift */; };
		1A4EAAE22BB4399C0056C110 /* RecurrentExpenseManager.swift in Sources */ = {isa = PBXBuildFile; fileRef = 1A4EAAE12BB4399C0056C110 /* RecurrentExpenseManager.swift */; };
		1A4EAAE42BB5AAAE0056C110 /* SettingsView.swift in Sources */ = {isa = PBXBuildFile; fileRef = 1A4EAAE32BB5AAAE0056C110 /* SettingsView.swift */; };
		1A4EAAE62BB6DB4B0056C110 /* CategoryManagementView.swift in Sources */ = {isa = PBXBuildFile; fileRef = 1A4EAAE52BB6DB4B0056C110 /* CategoryManagementView.swift */; };
		1A4EAAE82BB7424A0056C110 /* SettingsViewModel.swift in Sources */ = {isa = PBXBuildFile; fileRef = 1A4EAAE72BB7424A0056C110 /* SettingsViewModel.swift */; };
		1A4EAAEA2BB7502B0056C110 /* CategoryManagementViewModel.swift in Sources */ = {isa = PBXBuildFile; fileRef = 1A4EAAE92BB7502B0056C110 /* CategoryManagementViewModel.swift */; };
		1A4EAAEC2BB974920056C110 /* CategoryData.swift in Sources */ = {isa = PBXBuildFile; fileRef = 1A4EAAEB2BB974920056C110 /* CategoryData.swift */; };
		1A4EAAF42BBC134B0056C110 /* TrendView.swift in Sources */ = {isa = PBXBuildFile; fileRef = 1A4EAAF32BBC134B0056C110 /* TrendView.swift */; };
		1A4EAAF62BBC99A10056C110 /* CustomDatePickerView.swift in Sources */ = {isa = PBXBuildFile; fileRef = 1A4EAAF52BBC99A10056C110 /* CustomDatePickerView.swift */; };
		1A4EAAF92BBC9B0F0056C110 /* BarChartView.swift in Sources */ = {isa = PBXBuildFile; fileRef = 1A4EAAF72BBC9B0F0056C110 /* BarChartView.swift */; };
		1A4EAAFB2BBCAA260056C110 /* TrendViewModel.swift in Sources */ = {isa = PBXBuildFile; fileRef = 1A4EAAFA2BBCAA260056C110 /* TrendViewModel.swift */; };
		1A4EAAFE2BBCB8410056C110 /* Utilities.swift in Sources */ = {isa = PBXBuildFile; fileRef = 1A4EAAFD2BBCB8410056C110 /* Utilities.swift */; };
		1A5316B92BA96E8D00062171 /* ExpenseDetailView.swift in Sources */ = {isa = PBXBuildFile; fileRef = 1A5316B82BA96E8D00062171 /* ExpenseDetailView.swift */; };
		1A5316C02BA9998700062171 /* ExpenseEditorView.swift in Sources */ = {isa = PBXBuildFile; fileRef = 1A5316BF2BA9998700062171 /* ExpenseEditorView.swift */; };
		1A5316C72BA9CD4400062171 /* PersistentStore.swift in Sources */ = {isa = PBXBuildFile; fileRef = 1A5316C62BA9CD4300062171 /* PersistentStore.swift */; };
		1A5316CA2BA9D02600062171 /* ExpenseViewModel.swift in Sources */ = {isa = PBXBuildFile; fileRef = 1A5316C92BA9D02600062171 /* ExpenseViewModel.swift */; };
		1A5316D32BAAFD1100062171 /* ExpenseEditorViewModel.swift in Sources */ = {isa = PBXBuildFile; fileRef = 1A5316D22BAAFD1100062171 /* ExpenseEditorViewModel.swift */; };
		1A5316D52BAB01F200062171 /* ExpenseDetailViewModel.swift in Sources */ = {isa = PBXBuildFile; fileRef = 1A5316D42BAB01F200062171 /* ExpenseDetailViewModel.swift */; };
		1A5316D72BAB61FD00062171 /* ExpenseRowViewModel.swift in Sources */ = {isa = PBXBuildFile; fileRef = 1A5316D62BAB61FD00062171 /* ExpenseRowViewModel.swift */; };
		1A5316DA2BAB78CD00062171 /* PlusCircleView.swift in Sources */ = {isa = PBXBuildFile; fileRef = 1A5316D92BAB78CD00062171 /* PlusCircleView.swift */; };
		1A5316E72BAC4E4C00062171 /* ExpenseDataModel.xcdatamodeld in Sources */ = {isa = PBXBuildFile; fileRef = 1A5316E52BAC4E4C00062171 /* ExpenseDataModel.xcdatamodeld */; };
		1A53172E2BADF23E00062171 /* DataManager.swift in Sources */ = {isa = PBXBuildFile; fileRef = 1A53172D2BADF23E00062171 /* DataManager.swift */; };
		1A917DDC2BA87AEB00009A5B /* ExpenseTrackerApp.swift in Sources */ = {isa = PBXBuildFile; fileRef = 1A917DDB2BA87AEB00009A5B /* ExpenseTrackerApp.swift */; };
		1A917DDE2BA87AEB00009A5B /* ContentView.swift in Sources */ = {isa = PBXBuildFile; fileRef = 1A917DDD2BA87AEB00009A5B /* ContentView.swift */; };
		1A917DE02BA87AED00009A5B /* Assets.xcassets in Resources */ = {isa = PBXBuildFile; fileRef = 1A917DDF2BA87AED00009A5B /* Assets.xcassets */; };
		1A917DE32BA87AED00009A5B /* Preview Assets.xcassets in Resources */ = {isa = PBXBuildFile; fileRef = 1A917DE22BA87AED00009A5B /* Preview Assets.xcassets */; };
		1A917DEC2BA8B7FD00009A5B /* ExpenseView.swift in Sources */ = {isa = PBXBuildFile; fileRef = 1A917DEB2BA8B7FD00009A5B /* ExpenseView.swift */; };
/* End PBXBuildFile section */

/* Begin PBXFileReference section */
		1A41EFB02BA8E96800CE4FB9 /* ExpenseRowView.swift */ = {isa = PBXFileReference; lastKnownFileType = sourcecode.swift; path = ExpenseRowView.swift; sourceTree = "<group>"; };
		1A4EAAC52BB1534E0056C110 /* ExpenseData.swift */ = {isa = PBXFileReference; lastKnownFileType = sourcecode.swift; path = ExpenseData.swift; sourceTree = "<group>"; };
		1A4EAAE12BB4399C0056C110 /* RecurrentExpenseManager.swift */ = {isa = PBXFileReference; lastKnownFileType = sourcecode.swift; path = RecurrentExpenseManager.swift; sourceTree = "<group>"; };
		1A4EAAE32BB5AAAE0056C110 /* SettingsView.swift */ = {isa = PBXFileReference; lastKnownFileType = sourcecode.swift; path = SettingsView.swift; sourceTree = "<group>"; };
		1A4EAAE52BB6DB4B0056C110 /* CategoryManagementView.swift */ = {isa = PBXFileReference; lastKnownFileType = sourcecode.swift; path = CategoryManagementView.swift; sourceTree = "<group>"; };
		1A4EAAE72BB7424A0056C110 /* SettingsViewModel.swift */ = {isa = PBXFileReference; lastKnownFileType = sourcecode.swift; path = SettingsViewModel.swift; sourceTree = "<group>"; };
		1A4EAAE92BB7502B0056C110 /* CategoryManagementViewModel.swift */ = {isa = PBXFileReference; lastKnownFileType = sourcecode.swift; path = CategoryManagementViewModel.swift; sourceTree = "<group>"; };
		1A4EAAEB2BB974920056C110 /* CategoryData.swift */ = {isa = PBXFileReference; lastKnownFileType = sourcecode.swift; path = CategoryData.swift; sourceTree = "<group>"; };
		1A4EAAF32BBC134B0056C110 /* TrendView.swift */ = {isa = PBXFileReference; lastKnownFileType = sourcecode.swift; path = TrendView.swift; sourceTree = "<group>"; };
		1A4EAAF52BBC99A10056C110 /* CustomDatePickerView.swift */ = {isa = PBXFileReference; lastKnownFileType = sourcecode.swift; path = CustomDatePickerView.swift; sourceTree = "<group>"; };
		1A4EAAF72BBC9B0F0056C110 /* BarChartView.swift */ = {isa = PBXFileReference; fileEncoding = 4; lastKnownFileType = sourcecode.swift; path = BarChartView.swift; sourceTree = "<group>"; };
		1A4EAAFA2BBCAA260056C110 /* TrendViewModel.swift */ = {isa = PBXFileReference; lastKnownFileType = sourcecode.swift; path = TrendViewModel.swift; sourceTree = "<group>"; };
		1A4EAAFD2BBCB8410056C110 /* Utilities.swift */ = {isa = PBXFileReference; lastKnownFileType = sourcecode.swift; path = Utilities.swift; sourceTree = "<group>"; };
		1A5316B82BA96E8D00062171 /* ExpenseDetailView.swift */ = {isa = PBXFileReference; lastKnownFileType = sourcecode.swift; path = ExpenseDetailView.swift; sourceTree = "<group>"; };
		1A5316BF2BA9998700062171 /* ExpenseEditorView.swift */ = {isa = PBXFileReference; lastKnownFileType = sourcecode.swift; path = ExpenseEditorView.swift; sourceTree = "<group>"; };
		1A5316C62BA9CD4300062171 /* PersistentStore.swift */ = {isa = PBXFileReference; lastKnownFileType = sourcecode.swift; path = PersistentStore.swift; sourceTree = "<group>"; };
		1A5316C92BA9D02600062171 /* ExpenseViewModel.swift */ = {isa = PBXFileReference; lastKnownFileType = sourcecode.swift; path = ExpenseViewModel.swift; sourceTree = "<group>"; };
		1A5316D22BAAFD1100062171 /* ExpenseEditorViewModel.swift */ = {isa = PBXFileReference; lastKnownFileType = sourcecode.swift; path = ExpenseEditorViewModel.swift; sourceTree = "<group>"; };
		1A5316D42BAB01F200062171 /* ExpenseDetailViewModel.swift */ = {isa = PBXFileReference; lastKnownFileType = sourcecode.swift; path = ExpenseDetailViewModel.swift; sourceTree = "<group>"; };
		1A5316D62BAB61FD00062171 /* ExpenseRowViewModel.swift */ = {isa = PBXFileReference; lastKnownFileType = sourcecode.swift; path = ExpenseRowViewModel.swift; sourceTree = "<group>"; };
		1A5316D92BAB78CD00062171 /* PlusCircleView.swift */ = {isa = PBXFileReference; lastKnownFileType = sourcecode.swift; path = PlusCircleView.swift; sourceTree = "<group>"; };
		1A5316E62BAC4E4C00062171 /* ExpenseDataModel.xcdatamodel */ = {isa = PBXFileReference; lastKnownFileType = wrapper.xcdatamodel; path = ExpenseDataModel.xcdatamodel; sourceTree = "<group>"; };
		1A53172D2BADF23E00062171 /* DataManager.swift */ = {isa = PBXFileReference; lastKnownFileType = sourcecode.swift; path = DataManager.swift; sourceTree = "<group>"; };
		1A917DD82BA87AEB00009A5B /* ExpenseTracker.app */ = {isa = PBXFileReference; explicitFileType = wrapper.application; includeInIndex = 0; path = ExpenseTracker.app; sourceTree = BUILT_PRODUCTS_DIR; };
		1A917DDB2BA87AEB00009A5B /* ExpenseTrackerApp.swift */ = {isa = PBXFileReference; lastKnownFileType = sourcecode.swift; path = ExpenseTrackerApp.swift; sourceTree = "<group>"; };
		1A917DDD2BA87AEB00009A5B /* ContentView.swift */ = {isa = PBXFileReference; lastKnownFileType = sourcecode.swift; path = ContentView.swift; sourceTree = "<group>"; };
		1A917DDF2BA87AED00009A5B /* Assets.xcassets */ = {isa = PBXFileReference; lastKnownFileType = folder.assetcatalog; path = Assets.xcassets; sourceTree = "<group>"; };
		1A917DE22BA87AED00009A5B /* Preview Assets.xcassets */ = {isa = PBXFileReference; lastKnownFileType = folder.assetcatalog; path = "Preview Assets.xcassets"; sourceTree = "<group>"; };
		1A917DEB2BA8B7FD00009A5B /* ExpenseView.swift */ = {isa = PBXFileReference; lastKnownFileType = sourcecode.swift; path = ExpenseView.swift; sourceTree = "<group>"; };
/* End PBXFileReference section */

/* Begin PBXFrameworksBuildPhase section */
		1A917DD52BA87AEB00009A5B /* Frameworks */ = {
			isa = PBXFrameworksBuildPhase;
			buildActionMask = 2147483647;
			files = (
			);
			runOnlyForDeploymentPostprocessing = 0;
		};
/* End PBXFrameworksBuildPhase section */

/* Begin PBXGroup section */
		1A4EAAFC2BBCB82F0056C110 /* HelperMethod */ = {
			isa = PBXGroup;
			children = (
				1A4EAAFD2BBCB8410056C110 /* Utilities.swift */,
			);
			path = HelperMethod;
			sourceTree = "<group>";
		};
		1A5316BA2BA9991300062171 /* Src */ = {
			isa = PBXGroup;
			children = (
				1A4EAAFC2BBCB82F0056C110 /* HelperMethod */,
				1A5316D82BAB78B400062171 /* CommonViews */,
				1A917DDB2BA87AEB00009A5B /* ExpenseTrackerApp.swift */,
				1A5316C52BA9CD1100062171 /* Manager */,
				1A5316BD2BA9994400062171 /* Model */,
				1A5316C82BA9D00500062171 /* ViewModel */,
				1A5316BC2BA9992F00062171 /* Views */,
			);
			path = Src;
			sourceTree = "<group>";
		};
		1A5316BB2BA9991E00062171 /* Resource */ = {
			isa = PBXGroup;
			children = (
				1A917DDF2BA87AED00009A5B /* Assets.xcassets */,
			);
			path = Resource;
			sourceTree = "<group>";
		};
		1A5316BC2BA9992F00062171 /* Views */ = {
			isa = PBXGroup;
			children = (
				1A917DDD2BA87AEB00009A5B /* ContentView.swift */,
				1A5316BF2BA9998700062171 /* ExpenseEditorView.swift */,
				1A917DEB2BA8B7FD00009A5B /* ExpenseView.swift */,
				1A41EFB02BA8E96800CE4FB9 /* ExpenseRowView.swift */,
				1A5316B82BA96E8D00062171 /* ExpenseDetailView.swift */,
				1A4EAAE32BB5AAAE0056C110 /* SettingsView.swift */,
				1A4EAAE52BB6DB4B0056C110 /* CategoryManagementView.swift */,
				1A4EAAF32BBC134B0056C110 /* TrendView.swift */,
			);
			path = Views;
			sourceTree = "<group>";
		};
		1A5316BD2BA9994400062171 /* Model */ = {
			isa = PBXGroup;
			children = (
				1A5316E52BAC4E4C00062171 /* ExpenseDataModel.xcdatamodeld */,
				1A4EAAC52BB1534E0056C110 /* ExpenseData.swift */,
				1A4EAAEB2BB974920056C110 /* CategoryData.swift */,
			);
			path = Model;
			sourceTree = "<group>";
		};
		1A5316C52BA9CD1100062171 /* Manager */ = {
			isa = PBXGroup;
			children = (
				1A5316C62BA9CD4300062171 /* PersistentStore.swift */,
				1A53172D2BADF23E00062171 /* DataManager.swift */,
				1A4EAAE12BB4399C0056C110 /* RecurrentExpenseManager.swift */,
			);
			path = Manager;
			sourceTree = "<group>";
		};
		1A5316C82BA9D00500062171 /* ViewModel */ = {
			isa = PBXGroup;
			children = (
				1A5316C92BA9D02600062171 /* ExpenseViewModel.swift */,
				1A5316D22BAAFD1100062171 /* ExpenseEditorViewModel.swift */,
				1A5316D42BAB01F200062171 /* ExpenseDetailViewModel.swift */,
				1A5316D62BAB61FD00062171 /* ExpenseRowViewModel.swift */,
				1A4EAAE72BB7424A0056C110 /* SettingsViewModel.swift */,
				1A4EAAE92BB7502B0056C110 /* CategoryManagementViewModel.swift */,
				1A4EAAFA2BBCAA260056C110 /* TrendViewModel.swift */,
			);
			path = ViewModel;
			sourceTree = "<group>";
		};
		1A5316D82BAB78B400062171 /* CommonViews */ = {
			isa = PBXGroup;
			children = (
				1A4EAAF72BBC9B0F0056C110 /* BarChartView.swift */,
				1A5316D92BAB78CD00062171 /* PlusCircleView.swift */,
				1A4EAAF52BBC99A10056C110 /* CustomDatePickerView.swift */,
			);
			path = CommonViews;
			sourceTree = "<group>";
		};
		1A917DCF2BA87AEB00009A5B = {
			isa = PBXGroup;
			children = (
				1A917DDA2BA87AEB00009A5B /* ExpenseTracker */,
				1A917DD92BA87AEB00009A5B /* Products */,
			);
			sourceTree = "<group>";
		};
		1A917DD92BA87AEB00009A5B /* Products */ = {
			isa = PBXGroup;
			children = (
				1A917DD82BA87AEB00009A5B /* ExpenseTracker.app */,
			);
			name = Products;
			sourceTree = "<group>";
		};
		1A917DDA2BA87AEB00009A5B /* ExpenseTracker */ = {
			isa = PBXGroup;
			children = (
				1A5316BB2BA9991E00062171 /* Resource */,
				1A5316BA2BA9991300062171 /* Src */,
				1A917DE12BA87AED00009A5B /* Preview Content */,
			);
			path = ExpenseTracker;
			sourceTree = "<group>";
		};
		1A917DE12BA87AED00009A5B /* Preview Content */ = {
			isa = PBXGroup;
			children = (
				1A917DE22BA87AED00009A5B /* Preview Assets.xcassets */,
			);
			path = "Preview Content";
			sourceTree = "<group>";
		};
/* End PBXGroup section */

/* Begin PBXNativeTarget section */
		1A917DD72BA87AEB00009A5B /* ExpenseTracker */ = {
			isa = PBXNativeTarget;
			buildConfigurationList = 1A917DE62BA87AED00009A5B /* Build configuration list for PBXNativeTarget "ExpenseTracker" */;
			buildPhases = (
				1A917DD42BA87AEB00009A5B /* Sources */,
				1A917DD52BA87AEB00009A5B /* Frameworks */,
				1A917DD62BA87AEB00009A5B /* Resources */,
			);
			buildRules = (
			);
			dependencies = (
			);
			name = ExpenseTracker;
			productName = ExpenseTracker;
			productReference = 1A917DD82BA87AEB00009A5B /* ExpenseTracker.app */;
			productType = "com.apple.product-type.application";
		};
/* End PBXNativeTarget section */

/* Begin PBXProject section */
		1A917DD02BA87AEB00009A5B /* Project object */ = {
			isa = PBXProject;
			attributes = {
				BuildIndependentTargetsInParallel = 1;
				LastSwiftUpdateCheck = 1530;
				LastUpgradeCheck = 1530;
				TargetAttributes = {
					1A917DD72BA87AEB00009A5B = {
						CreatedOnToolsVersion = 15.3;
					};
				};
			};
			buildConfigurationList = 1A917DD32BA87AEB00009A5B /* Build configuration list for PBXProject "ExpenseTracker" */;
			compatibilityVersion = "Xcode 14.0";
			developmentRegion = en;
			hasScannedForEncodings = 0;
			knownRegions = (
				en,
				Base,
			);
			mainGroup = 1A917DCF2BA87AEB00009A5B;
			productRefGroup = 1A917DD92BA87AEB00009A5B /* Products */;
			projectDirPath = "";
			projectRoot = "";
			targets = (
				1A917DD72BA87AEB00009A5B /* ExpenseTracker */,
			);
		};
/* End PBXProject section */

/* Begin PBXResourcesBuildPhase section */
		1A917DD62BA87AEB00009A5B /* Resources */ = {
			isa = PBXResourcesBuildPhase;
			buildActionMask = 2147483647;
			files = (
				1A917DE32BA87AED00009A5B /* Preview Assets.xcassets in Resources */,
				1A917DE02BA87AED00009A5B /* Assets.xcassets in Resources */,
			);
			runOnlyForDeploymentPostprocessing = 0;
		};
/* End PBXResourcesBuildPhase section */

/* Begin PBXSourcesBuildPhase section */
		1A917DD42BA87AEB00009A5B /* Sources */ = {
			isa = PBXSourcesBuildPhase;
			buildActionMask = 2147483647;
			files = (
				1A5316E72BAC4E4C00062171 /* ExpenseDataModel.xcdatamodeld in Sources */,
				1A4EAAEC2BB974920056C110 /* CategoryData.swift in Sources */,
				1A53172E2BADF23E00062171 /* DataManager.swift in Sources */,
				1A5316CA2BA9D02600062171 /* ExpenseViewModel.swift in Sources */,
				1A5316D32BAAFD1100062171 /* ExpenseEditorViewModel.swift in Sources */,
				1A5316C72BA9CD4400062171 /* PersistentStore.swift in Sources */,
				1A4EAAE82BB7424A0056C110 /* SettingsViewModel.swift in Sources */,
				1A4EAAE42BB5AAAE0056C110 /* SettingsView.swift in Sources */,
				1A4EAAE22BB4399C0056C110 /* RecurrentExpenseManager.swift in Sources */,
				1A5316B92BA96E8D00062171 /* ExpenseDetailView.swift in Sources */,
				1A4EAAFB2BBCAA260056C110 /* TrendViewModel.swift in Sources */,
				1A5316C02BA9998700062171 /* ExpenseEditorView.swift in Sources */,
				1A4EAAFE2BBCB8410056C110 /* Utilities.swift in Sources */,
				1A4EAAE62BB6DB4B0056C110 /* CategoryManagementView.swift in Sources */,
				1A5316D72BAB61FD00062171 /* ExpenseRowViewModel.swift in Sources */,
				1A41EFB12BA8E96800CE4FB9 /* ExpenseRowView.swift in Sources */,
				1A917DDE2BA87AEB00009A5B /* ContentView.swift in Sources */,
				1A5316DA2BAB78CD00062171 /* PlusCircleView.swift in Sources */,
				1A917DDC2BA87AEB00009A5B /* ExpenseTrackerApp.swift in Sources */,
				1A5316D52BAB01F200062171 /* ExpenseDetailViewModel.swift in Sources */,
				1A4EAAF42BBC134B0056C110 /* TrendView.swift in Sources */,
				1A4EAAEA2BB7502B0056C110 /* CategoryManagementViewModel.swift in Sources */,
				1A4EAAF62BBC99A10056C110 /* CustomDatePickerView.swift in Sources */,
				1A4EAAC62BB1534E0056C110 /* ExpenseData.swift in Sources */,
				1A917DEC2BA8B7FD00009A5B /* ExpenseView.swift in Sources */,
				1A4EAAF92BBC9B0F0056C110 /* BarChartView.swift in Sources */,
			);
			runOnlyForDeploymentPostprocessing = 0;
		};
/* End PBXSourcesBuildPhase section */

/* Begin XCBuildConfiguration section */
		1A917DE42BA87AED00009A5B /* Debug */ = {
			isa = XCBuildConfiguration;
			buildSettings = {
				ALWAYS_SEARCH_USER_PATHS = NO;
				ASSETCATALOG_COMPILER_GENERATE_SWIFT_ASSET_SYMBOL_EXTENSIONS = YES;
				CLANG_ANALYZER_NONNULL = YES;
				CLANG_ANALYZER_NUMBER_OBJECT_CONVERSION = YES_AGGRESSIVE;
				CLANG_CXX_LANGUAGE_STANDARD = "gnu++20";
				CLANG_ENABLE_MODULES = YES;
				CLANG_ENABLE_OBJC_ARC = YES;
				CLANG_ENABLE_OBJC_WEAK = YES;
				CLANG_WARN_BLOCK_CAPTURE_AUTORELEASING = YES;
				CLANG_WARN_BOOL_CONVERSION = YES;
				CLANG_WARN_COMMA = YES;
				CLANG_WARN_CONSTANT_CONVERSION = YES;
				CLANG_WARN_DEPRECATED_OBJC_IMPLEMENTATIONS = YES;
				CLANG_WARN_DIRECT_OBJC_ISA_USAGE = YES_ERROR;
				CLANG_WARN_DOCUMENTATION_COMMENTS = YES;
				CLANG_WARN_EMPTY_BODY = YES;
				CLANG_WARN_ENUM_CONVERSION = YES;
				CLANG_WARN_INFINITE_RECURSION = YES;
				CLANG_WARN_INT_CONVERSION = YES;
				CLANG_WARN_NON_LITERAL_NULL_CONVERSION = YES;
				CLANG_WARN_OBJC_IMPLICIT_RETAIN_SELF = YES;
				CLANG_WARN_OBJC_LITERAL_CONVERSION = YES;
				CLANG_WARN_OBJC_ROOT_CLASS = YES_ERROR;
				CLANG_WARN_QUOTED_INCLUDE_IN_FRAMEWORK_HEADER = YES;
				CLANG_WARN_RANGE_LOOP_ANALYSIS = YES;
				CLANG_WARN_STRICT_PROTOTYPES = YES;
				CLANG_WARN_SUSPICIOUS_MOVE = YES;
				CLANG_WARN_UNGUARDED_AVAILABILITY = YES_AGGRESSIVE;
				CLANG_WARN_UNREACHABLE_CODE = YES;
				CLANG_WARN__DUPLICATE_METHOD_MATCH = YES;
				COPY_PHASE_STRIP = NO;
				DEBUG_INFORMATION_FORMAT = dwarf;
				ENABLE_STRICT_OBJC_MSGSEND = YES;
				ENABLE_TESTABILITY = YES;
				ENABLE_USER_SCRIPT_SANDBOXING = YES;
				GCC_C_LANGUAGE_STANDARD = gnu17;
				GCC_DYNAMIC_NO_PIC = NO;
				GCC_NO_COMMON_BLOCKS = YES;
				GCC_OPTIMIZATION_LEVEL = 0;
				GCC_PREPROCESSOR_DEFINITIONS = (
					"DEBUG=1",
					"$(inherited)",
				);
				GCC_WARN_64_TO_32_BIT_CONVERSION = YES;
				GCC_WARN_ABOUT_RETURN_TYPE = YES_ERROR;
				GCC_WARN_UNDECLARED_SELECTOR = YES;
				GCC_WARN_UNINITIALIZED_AUTOS = YES_AGGRESSIVE;
				GCC_WARN_UNUSED_FUNCTION = YES;
				GCC_WARN_UNUSED_VARIABLE = YES;
				IPHONEOS_DEPLOYMENT_TARGET = 17.4;
				LOCALIZATION_PREFERS_STRING_CATALOGS = YES;
				MTL_ENABLE_DEBUG_INFO = INCLUDE_SOURCE;
				MTL_FAST_MATH = YES;
				ONLY_ACTIVE_ARCH = YES;
				SDKROOT = iphoneos;
				SWIFT_ACTIVE_COMPILATION_CONDITIONS = "DEBUG $(inherited)";
				SWIFT_OPTIMIZATION_LEVEL = "-Onone";
			};
			name = Debug;
		};
		1A917DE52BA87AED00009A5B /* Release */ = {
			isa = XCBuildConfiguration;
			buildSettings = {
				ALWAYS_SEARCH_USER_PATHS = NO;
				ASSETCATALOG_COMPILER_GENERATE_SWIFT_ASSET_SYMBOL_EXTENSIONS = YES;
				CLANG_ANALYZER_NONNULL = YES;
				CLANG_ANALYZER_NUMBER_OBJECT_CONVERSION = YES_AGGRESSIVE;
				CLANG_CXX_LANGUAGE_STANDARD = "gnu++20";
				CLANG_ENABLE_MODULES = YES;
				CLANG_ENABLE_OBJC_ARC = YES;
				CLANG_ENABLE_OBJC_WEAK = YES;
				CLANG_WARN_BLOCK_CAPTURE_AUTORELEASING = YES;
				CLANG_WARN_BOOL_CONVERSION = YES;
				CLANG_WARN_COMMA = YES;
				CLANG_WARN_CONSTANT_CONVERSION = YES;
				CLANG_WARN_DEPRECATED_OBJC_IMPLEMENTATIONS = YES;
				CLANG_WARN_DIRECT_OBJC_ISA_USAGE = YES_ERROR;
				CLANG_WARN_DOCUMENTATION_COMMENTS = YES;
				CLANG_WARN_EMPTY_BODY = YES;
				CLANG_WARN_ENUM_CONVERSION = YES;
				CLANG_WARN_INFINITE_RECURSION = YES;
				CLANG_WARN_INT_CONVERSION = YES;
				CLANG_WARN_NON_LITERAL_NULL_CONVERSION = YES;
				CLANG_WARN_OBJC_IMPLICIT_RETAIN_SELF = YES;
				CLANG_WARN_OBJC_LITERAL_CONVERSION = YES;
				CLANG_WARN_OBJC_ROOT_CLASS = YES_ERROR;
				CLANG_WARN_QUOTED_INCLUDE_IN_FRAMEWORK_HEADER = YES;
				CLANG_WARN_RANGE_LOOP_ANALYSIS = YES;
				CLANG_WARN_STRICT_PROTOTYPES = YES;
				CLANG_WARN_SUSPICIOUS_MOVE = YES;
				CLANG_WARN_UNGUARDED_AVAILABILITY = YES_AGGRESSIVE;
				CLANG_WARN_UNREACHABLE_CODE = YES;
				CLANG_WARN__DUPLICATE_METHOD_MATCH = YES;
				COPY_PHASE_STRIP = NO;
				DEBUG_INFORMATION_FORMAT = "dwarf-with-dsym";
				ENABLE_NS_ASSERTIONS = NO;
				ENABLE_STRICT_OBJC_MSGSEND = YES;
				ENABLE_USER_SCRIPT_SANDBOXING = YES;
				GCC_C_LANGUAGE_STANDARD = gnu17;
				GCC_NO_COMMON_BLOCKS = YES;
				GCC_WARN_64_TO_32_BIT_CONVERSION = YES;
				GCC_WARN_ABOUT_RETURN_TYPE = YES_ERROR;
				GCC_WARN_UNDECLARED_SELECTOR = YES;
				GCC_WARN_UNINITIALIZED_AUTOS = YES_AGGRESSIVE;
				GCC_WARN_UNUSED_FUNCTION = YES;
				GCC_WARN_UNUSED_VARIABLE = YES;
				IPHONEOS_DEPLOYMENT_TARGET = 17.4;
				LOCALIZATION_PREFERS_STRING_CATALOGS = YES;
				MTL_ENABLE_DEBUG_INFO = NO;
				MTL_FAST_MATH = YES;
				SDKROOT = iphoneos;
				SWIFT_COMPILATION_MODE = wholemodule;
				VALIDATE_PRODUCT = YES;
			};
			name = Release;
		};
		1A917DE72BA87AED00009A5B /* Debug */ = {
			isa = XCBuildConfiguration;
			buildSettings = {
				ASSETCATALOG_COMPILER_APPICON_NAME = AppIcon;
				ASSETCATALOG_COMPILER_GLOBAL_ACCENT_COLOR_NAME = AccentColor;
				CODE_SIGN_STYLE = Automatic;
				CURRENT_PROJECT_VERSION = 1;
				DEVELOPMENT_ASSET_PATHS = "\"ExpenseTracker/Preview Content\"";
				DEVELOPMENT_TEAM = 9G2DU2SAH6;
				ENABLE_PREVIEWS = YES;
				GENERATE_INFOPLIST_FILE = YES;
				INFOPLIST_KEY_UIApplicationSceneManifest_Generation = YES;
				INFOPLIST_KEY_UIApplicationSupportsIndirectInputEvents = YES;
				INFOPLIST_KEY_UILaunchScreen_Generation = YES;
				INFOPLIST_KEY_UISupportedInterfaceOrientations_iPad = "UIInterfaceOrientationPortrait UIInterfaceOrientationPortraitUpsideDown UIInterfaceOrientationLandscapeLeft UIInterfaceOrientationLandscapeRight";
				INFOPLIST_KEY_UISupportedInterfaceOrientations_iPhone = "UIInterfaceOrientationPortrait UIInterfaceOrientationLandscapeLeft UIInterfaceOrientationLandscapeRight";
				IPHONEOS_DEPLOYMENT_TARGET = 16.0;
				LD_RUNPATH_SEARCH_PATHS = (
					"$(inherited)",
					"@executable_path/Frameworks",
				);
				MARKETING_VERSION = 1.0;
				PRODUCT_BUNDLE_IDENTIFIER = com.hasnaine.ExpenseTracker;
				PRODUCT_NAME = "$(TARGET_NAME)";
				SWIFT_EMIT_LOC_STRINGS = YES;
				SWIFT_VERSION = 5.0;
				TARGETED_DEVICE_FAMILY = "1,2";
			};
			name = Debug;
		};
		1A917DE82BA87AED00009A5B /* Release */ = {
			isa = XCBuildConfiguration;
			buildSettings = {
				ASSETCATALOG_COMPILER_APPICON_NAME = AppIcon;
				ASSETCATALOG_COMPILER_GLOBAL_ACCENT_COLOR_NAME = AccentColor;
				CODE_SIGN_STYLE = Automatic;
				CURRENT_PROJECT_VERSION = 1;
				DEVELOPMENT_ASSET_PATHS = "\"ExpenseTracker/Preview Content\"";
				DEVELOPMENT_TEAM = 9G2DU2SAH6;
				ENABLE_PREVIEWS = YES;
				GENERATE_INFOPLIST_FILE = YES;
				INFOPLIST_KEY_UIApplicationSceneManifest_Generation = YES;
				INFOPLIST_KEY_UIApplicationSupportsIndirectInputEvents = YES;
				INFOPLIST_KEY_UILaunchScreen_Generation = YES;
				INFOPLIST_KEY_UISupportedInterfaceOrientations_iPad = "UIInterfaceOrientationPortrait UIInterfaceOrientationPortraitUpsideDown UIInterfaceOrientationLandscapeLeft UIInterfaceOrientationLandscapeRight";
				INFOPLIST_KEY_UISupportedInterfaceOrientations_iPhone = "UIInterfaceOrientationPortrait UIInterfaceOrientationLandscapeLeft UIInterfaceOrientationLandscapeRight";
				IPHONEOS_DEPLOYMENT_TARGET = 16.0;
				LD_RUNPATH_SEARCH_PATHS = (
					"$(inherited)",
					"@executable_path/Frameworks",
				);
				MARKETING_VERSION = 1.0;
				PRODUCT_BUNDLE_IDENTIFIER = com.hasnaine.ExpenseTracker;
				PRODUCT_NAME = "$(TARGET_NAME)";
				SWIFT_EMIT_LOC_STRINGS = YES;
				SWIFT_VERSION = 5.0;
				TARGETED_DEVICE_FAMILY = "1,2";
			};
			name = Release;
		};
/* End XCBuildConfiguration section */

/* Begin XCConfigurationList section */
		1A917DD32BA87AEB00009A5B /* Build configuration list for PBXProject "ExpenseTracker" */ = {
			isa = XCConfigurationList;
			buildConfigurations = (
				1A917DE42BA87AED00009A5B /* Debug */,
				1A917DE52BA87AED00009A5B /* Release */,
			);
			defaultConfigurationIsVisible = 0;
			defaultConfigurationName = Release;
		};
		1A917DE62BA87AED00009A5B /* Build configuration list for PBXNativeTarget "ExpenseTracker" */ = {
			isa = XCConfigurationList;
			buildConfigurations = (
				1A917DE72BA87AED00009A5B /* Debug */,
				1A917DE82BA87AED00009A5B /* Release */,
			);
			defaultConfigurationIsVisible = 0;
			defaultConfigurationName = Release;
		};
/* End XCConfigurationList section */

/* Begin XCVersionGroup section */
		1A5316E52BAC4E4C00062171 /* ExpenseDataModel.xcdatamodeld */ = {
			isa = XCVersionGroup;
			children = (
				1A5316E62BAC4E4C00062171 /* ExpenseDataModel.xcdatamodel */,
			);
			currentVersion = 1A5316E62BAC4E4C00062171 /* ExpenseDataModel.xcdatamodel */;
			name = ExpenseDataModel.xcdatamodeld;
			path = "/Users/shas9/Documents/Engineering Practice/iOS/iOS_ExpenseTracker/ExpenseTracker/ExpenseTracker/Src/Model/ExpenseDataModel.xcdatamodeld";
			sourceTree = "<group>";
			versionGroupType = wrapper.xcdatamodel;
		};
/* End XCVersionGroup section */
	};
	rootObject = 1A917DD02BA87AEB00009A5B /* Project object */;
}
