// !$*UTF8*$!
{
	archiveVersion = 1;
	classes = {
	};
	objectVersion = 56;
	objects = {

/* Begin PBXBuildFile section */
		1A46F5CD2BED65B0007FD30A /* iWCommApp.swift in Sources */ = {isa = PBXBuildFile; fileRef = 1A46F5CC2BED65B0007FD30A /* iWCommApp.swift */; };
		1A46F5CF2BED65B0007FD30A /* ContentView.swift in Sources */ = {isa = PBXBuildFile; fileRef = 1A46F5CE2BED65B0007FD30A /* ContentView.swift */; };
		1A46F5D12BED65B2007FD30A /* Assets.xcassets in Resources */ = {isa = PBXBuildFile; fileRef = 1A46F5D02BED65B2007FD30A /* Assets.xcassets */; };
		1A46F5D42BED65B2007FD30A /* Preview Assets.xcassets in Resources */ = {isa = PBXBuildFile; fileRef = 1A46F5D32BED65B2007FD30A /* Preview Assets.xcassets */; };
		1A46F5FB2BED6648007FD30A /* Assets.xcassets in Resources */ = {isa = PBXBuildFile; fileRef = 1A46F5FA2BED6648007FD30A /* Assets.xcassets */; };
		1A46F5FE2BED6648007FD30A /* Preview Assets.xcassets in Resources */ = {isa = PBXBuildFile; fileRef = 1A46F5FD2BED6648007FD30A /* Preview Assets.xcassets */; };
		1A46F6012BED6648007FD30A /* iWCommWatch Watch App.app in Embed Watch Content */ = {isa = PBXBuildFile; fileRef = 1A46F5F42BED6645007FD30A /* iWCommWatch Watch App.app */; settings = {ATTRIBUTES = (RemoveHeadersOnCopy, ); }; };
		1A46F6052BED6695007FD30A /* ContentView.swift in Sources */ = {isa = PBXBuildFile; fileRef = 1A46F5CE2BED65B0007FD30A /* ContentView.swift */; };
		1A46F6062BED6699007FD30A /* iWCommApp.swift in Sources */ = {isa = PBXBuildFile; fileRef = 1A46F5CC2BED65B0007FD30A /* iWCommApp.swift */; };
		1A46F6082BED67C6007FD30A /* Counter.swift in Sources */ = {isa = PBXBuildFile; fileRef = 1A46F6072BED67C6007FD30A /* Counter.swift */; };
		1A46F6092BED67C6007FD30A /* Counter.swift in Sources */ = {isa = PBXBuildFile; fileRef = 1A46F6072BED67C6007FD30A /* Counter.swift */; };
		1A46F60B2BED68E1007FD30A /* SessionDelegater.swift in Sources */ = {isa = PBXBuildFile; fileRef = 1A46F60A2BED68E1007FD30A /* SessionDelegater.swift */; };
		1A46F60C2BED68E1007FD30A /* SessionDelegater.swift in Sources */ = {isa = PBXBuildFile; fileRef = 1A46F60A2BED68E1007FD30A /* SessionDelegater.swift */; };
/* End PBXBuildFile section */

/* Begin PBXContainerItemProxy section */
		1A46F5FF2BED6648007FD30A /* PBXContainerItemProxy */ = {
			isa = PBXContainerItemProxy;
			containerPortal = 1A46F5C12BED65B0007FD30A /* Project object */;
			proxyType = 1;
			remoteGlobalIDString = 1A46F5F32BED6645007FD30A;
			remoteInfo = "iWCommWatch Watch App";
		};
/* End PBXContainerItemProxy section */

/* Begin PBXCopyFilesBuildPhase section */
		1A46F5EF2BED65E0007FD30A /* Embed Watch Content */ = {
			isa = PBXCopyFilesBuildPhase;
			buildActionMask = 2147483647;
			dstPath = "$(CONTENTS_FOLDER_PATH)/Watch";
			dstSubfolderSpec = 16;
			files = (
				1A46F6012BED6648007FD30A /* iWCommWatch Watch App.app in Embed Watch Content */,
			);
			name = "Embed Watch Content";
			runOnlyForDeploymentPostprocessing = 0;
		};
/* End PBXCopyFilesBuildPhase section */

/* Begin PBXFileReference section */
		1A46F5C92BED65B0007FD30A /* iWComm.app */ = {isa = PBXFileReference; explicitFileType = wrapper.application; includeInIndex = 0; path = iWComm.app; sourceTree = BUILT_PRODUCTS_DIR; };
		1A46F5CC2BED65B0007FD30A /* iWCommApp.swift */ = {isa = PBXFileReference; lastKnownFileType = sourcecode.swift; path = iWCommApp.swift; sourceTree = "<group>"; };
		1A46F5CE2BED65B0007FD30A /* ContentView.swift */ = {isa = PBXFileReference; lastKnownFileType = sourcecode.swift; path = ContentView.swift; sourceTree = "<group>"; };
		1A46F5D02BED65B2007FD30A /* Assets.xcassets */ = {isa = PBXFileReference; lastKnownFileType = folder.assetcatalog; path = Assets.xcassets; sourceTree = "<group>"; };
		1A46F5D32BED65B2007FD30A /* Preview Assets.xcassets */ = {isa = PBXFileReference; lastKnownFileType = folder.assetcatalog; path = "Preview Assets.xcassets"; sourceTree = "<group>"; };
		1A46F5F42BED6645007FD30A /* iWCommWatch Watch App.app */ = {isa = PBXFileReference; explicitFileType = wrapper.application; includeInIndex = 0; path = "iWCommWatch Watch App.app"; sourceTree = BUILT_PRODUCTS_DIR; };
		1A46F5FA2BED6648007FD30A /* Assets.xcassets */ = {isa = PBXFileReference; lastKnownFileType = folder.assetcatalog; path = Assets.xcassets; sourceTree = "<group>"; };
		1A46F5FD2BED6648007FD30A /* Preview Assets.xcassets */ = {isa = PBXFileReference; lastKnownFileType = folder.assetcatalog; path = "Preview Assets.xcassets"; sourceTree = "<group>"; };
		1A46F6072BED67C6007FD30A /* Counter.swift */ = {isa = PBXFileReference; lastKnownFileType = sourcecode.swift; path = Counter.swift; sourceTree = "<group>"; };
		1A46F60A2BED68E1007FD30A /* SessionDelegater.swift */ = {isa = PBXFileReference; lastKnownFileType = sourcecode.swift; path = SessionDelegater.swift; sourceTree = "<group>"; };
/* End PBXFileReference section */

/* Begin PBXFrameworksBuildPhase section */
		1A46F5C62BED65B0007FD30A /* Frameworks */ = {
			isa = PBXFrameworksBuildPhase;
			buildActionMask = 2147483647;
			files = (
			);
			runOnlyForDeploymentPostprocessing = 0;
		};
		1A46F5F12BED6645007FD30A /* Frameworks */ = {
			isa = PBXFrameworksBuildPhase;
			buildActionMask = 2147483647;
			files = (
			);
			runOnlyForDeploymentPostprocessing = 0;
		};
/* End PBXFrameworksBuildPhase section */

/* Begin PBXGroup section */
		1A46F5C02BED65B0007FD30A = {
			isa = PBXGroup;
			children = (
				1A46F5CB2BED65B0007FD30A /* iWComm */,
				1A46F5F52BED6645007FD30A /* iWCommWatch Watch App */,
				1A46F5CA2BED65B0007FD30A /* Products */,
			);
			sourceTree = "<group>";
		};
		1A46F5CA2BED65B0007FD30A /* Products */ = {
			isa = PBXGroup;
			children = (
				1A46F5C92BED65B0007FD30A /* iWComm.app */,
				1A46F5F42BED6645007FD30A /* iWCommWatch Watch App.app */,
			);
			name = Products;
			sourceTree = "<group>";
		};
		1A46F5CB2BED65B0007FD30A /* iWComm */ = {
			isa = PBXGroup;
			children = (
				1A46F5CC2BED65B0007FD30A /* iWCommApp.swift */,
				1A46F5CE2BED65B0007FD30A /* ContentView.swift */,
				1A46F5D02BED65B2007FD30A /* Assets.xcassets */,
				1A46F5D22BED65B2007FD30A /* Preview Content */,
				1A46F6072BED67C6007FD30A /* Counter.swift */,
				1A46F60A2BED68E1007FD30A /* SessionDelegater.swift */,
			);
			path = iWComm;
			sourceTree = "<group>";
		};
		1A46F5D22BED65B2007FD30A /* Preview Content */ = {
			isa = PBXGroup;
			children = (
				1A46F5D32BED65B2007FD30A /* Preview Assets.xcassets */,
			);
			path = "Preview Content";
			sourceTree = "<group>";
		};
		1A46F5F52BED6645007FD30A /* iWCommWatch Watch App */ = {
			isa = PBXGroup;
			children = (
				1A46F5FA2BED6648007FD30A /* Assets.xcassets */,
				1A46F5FC2BED6648007FD30A /* Preview Content */,
			);
			path = "iWCommWatch Watch App";
			sourceTree = "<group>";
		};
		1A46F5FC2BED6648007FD30A /* Preview Content */ = {
			isa = PBXGroup;
			children = (
				1A46F5FD2BED6648007FD30A /* Preview Assets.xcassets */,
			);
			path = "Preview Content";
			sourceTree = "<group>";
		};
/* End PBXGroup section */

/* Begin PBXNativeTarget section */
		1A46F5C82BED65B0007FD30A /* iWComm */ = {
			isa = PBXNativeTarget;
			buildConfigurationList = 1A46F5D72BED65B2007FD30A /* Build configuration list for PBXNativeTarget "iWComm" */;
			buildPhases = (
				1A46F5C52BED65B0007FD30A /* Sources */,
				1A46F5C62BED65B0007FD30A /* Frameworks */,
				1A46F5C72BED65B0007FD30A /* Resources */,
				1A46F5EF2BED65E0007FD30A /* Embed Watch Content */,
			);
			buildRules = (
			);
			dependencies = (
				1A46F6002BED6648007FD30A /* PBXTargetDependency */,
			);
			name = iWComm;
			productName = iWComm;
			productReference = 1A46F5C92BED65B0007FD30A /* iWComm.app */;
			productType = "com.apple.product-type.application";
		};
		1A46F5F32BED6645007FD30A /* iWCommWatch Watch App */ = {
			isa = PBXNativeTarget;
			buildConfigurationList = 1A46F6022BED6648007FD30A /* Build configuration list for PBXNativeTarget "iWCommWatch Watch App" */;
			buildPhases = (
				1A46F5F02BED6645007FD30A /* Sources */,
				1A46F5F12BED6645007FD30A /* Frameworks */,
				1A46F5F22BED6645007FD30A /* Resources */,
			);
			buildRules = (
			);
			dependencies = (
			);
			name = "iWCommWatch Watch App";
			productName = "iWCommWatch Watch App";
			productReference = 1A46F5F42BED6645007FD30A /* iWCommWatch Watch App.app */;
			productType = "com.apple.product-type.application";
		};
/* End PBXNativeTarget section */

/* Begin PBXProject section */
		1A46F5C12BED65B0007FD30A /* Project object */ = {
			isa = PBXProject;
			attributes = {
				BuildIndependentTargetsInParallel = 1;
				LastSwiftUpdateCheck = 1530;
				LastUpgradeCheck = 1530;
				TargetAttributes = {
					1A46F5C82BED65B0007FD30A = {
						CreatedOnToolsVersion = 15.3;
					};
					1A46F5F32BED6645007FD30A = {
						CreatedOnToolsVersion = 15.3;
					};
				};
			};
			buildConfigurationList = 1A46F5C42BED65B0007FD30A /* Build configuration list for PBXProject "iWComm" */;
			compatibilityVersion = "Xcode 14.0";
			developmentRegion = en;
			hasScannedForEncodings = 0;
			knownRegions = (
				en,
				Base,
			);
			mainGroup = 1A46F5C02BED65B0007FD30A;
			productRefGroup = 1A46F5CA2BED65B0007FD30A /* Products */;
			projectDirPath = "";
			projectRoot = "";
			targets = (
				1A46F5C82BED65B0007FD30A /* iWComm */,
				1A46F5F32BED6645007FD30A /* iWCommWatch Watch App */,
			);
		};
/* End PBXProject section */

/* Begin PBXResourcesBuildPhase section */
		1A46F5C72BED65B0007FD30A /* Resources */ = {
			isa = PBXResourcesBuildPhase;
			buildActionMask = 2147483647;
			files = (
				1A46F5D42BED65B2007FD30A /* Preview Assets.xcassets in Resources */,
				1A46F5D12BED65B2007FD30A /* Assets.xcassets in Resources */,
			);
			runOnlyForDeploymentPostprocessing = 0;
		};
		1A46F5F22BED6645007FD30A /* Resources */ = {
			isa = PBXResourcesBuildPhase;
			buildActionMask = 2147483647;
			files = (
				1A46F5FE2BED6648007FD30A /* Preview Assets.xcassets in Resources */,
				1A46F5FB2BED6648007FD30A /* Assets.xcassets in Resources */,
			);
			runOnlyForDeploymentPostprocessing = 0;
		};
/* End PBXResourcesBuildPhase section */

/* Begin PBXSourcesBuildPhase section */
		1A46F5C52BED65B0007FD30A /* Sources */ = {
			isa = PBXSourcesBuildPhase;
			buildActionMask = 2147483647;
			files = (
				1A46F5CF2BED65B0007FD30A /* ContentView.swift in Sources */,
				1A46F5CD2BED65B0007FD30A /* iWCommApp.swift in Sources */,
				1A46F60B2BED68E1007FD30A /* SessionDelegater.swift in Sources */,
				1A46F6082BED67C6007FD30A /* Counter.swift in Sources */,
			);
			runOnlyForDeploymentPostprocessing = 0;
		};
		1A46F5F02BED6645007FD30A /* Sources */ = {
			isa = PBXSourcesBuildPhase;
			buildActionMask = 2147483647;
			files = (
				1A46F6052BED6695007FD30A /* ContentView.swift in Sources */,
				1A46F6062BED6699007FD30A /* iWCommApp.swift in Sources */,
				1A46F60C2BED68E1007FD30A /* SessionDelegater.swift in Sources */,
				1A46F6092BED67C6007FD30A /* Counter.swift in Sources */,
			);
			runOnlyForDeploymentPostprocessing = 0;
		};
/* End PBXSourcesBuildPhase section */

/* Begin PBXTargetDependency section */
		1A46F6002BED6648007FD30A /* PBXTargetDependency */ = {
			isa = PBXTargetDependency;
			target = 1A46F5F32BED6645007FD30A /* iWCommWatch Watch App */;
			targetProxy = 1A46F5FF2BED6648007FD30A /* PBXContainerItemProxy */;
		};
/* End PBXTargetDependency section */

/* Begin XCBuildConfiguration section */
		1A46F5D52BED65B2007FD30A /* Debug */ = {
			isa = XCBuildConfiguration;
			buildSettings = {
				ALWAYS_SEARCH_USER_PATHS = NO;
				ASSETCATALOG_COMPILER_GENERATE_SWIFT_ASSET_SYMBOL_EXTENSIONS = YES;
				CLANG_ANALYZER_NONNULL = YES;
				CLANG_ANALYZER_NUMBER_OBJECT_CONVERSION = YES_AGGRESSIVE;
				CLANG_CXX_LANGUAGE_STANDARD = "gnu++20";
				CLANG_ENABLE_MODULES = YES;
				CLANG_ENABLE_OBJC_ARC = YES;
				CLANG_ENABLE_OBJC_WEAK = YES;
				CLANG_WARN_BLOCK_CAPTURE_AUTORELEASING = YES;
				CLANG_WARN_BOOL_CONVERSION = YES;
				CLANG_WARN_COMMA = YES;
				CLANG_WARN_CONSTANT_CONVERSION = YES;
				CLANG_WARN_DEPRECATED_OBJC_IMPLEMENTATIONS = YES;
				CLANG_WARN_DIRECT_OBJC_ISA_USAGE = YES_ERROR;
				CLANG_WARN_DOCUMENTATION_COMMENTS = YES;
				CLANG_WARN_EMPTY_BODY = YES;
				CLANG_WARN_ENUM_CONVERSION = YES;
				CLANG_WARN_INFINITE_RECURSION = YES;
				CLANG_WARN_INT_CONVERSION = YES;
				CLANG_WARN_NON_LITERAL_NULL_CONVERSION = YES;
				CLANG_WARN_OBJC_IMPLICIT_RETAIN_SELF = YES;
				CLANG_WARN_OBJC_LITERAL_CONVERSION = YES;
				CLANG_WARN_OBJC_ROOT_CLASS = YES_ERROR;
				CLANG_WARN_QUOTED_INCLUDE_IN_FRAMEWORK_HEADER = YES;
				CLANG_WARN_RANGE_LOOP_ANALYSIS = YES;
				CLANG_WARN_STRICT_PROTOTYPES = YES;
				CLANG_WARN_SUSPICIOUS_MOVE = YES;
				CLANG_WARN_UNGUARDED_AVAILABILITY = YES_AGGRESSIVE;
				CLANG_WARN_UNREACHABLE_CODE = YES;
				CLANG_WARN__DUPLICATE_METHOD_MATCH = YES;
				COPY_PHASE_STRIP = NO;
				DEBUG_INFORMATION_FORMAT = dwarf;
				ENABLE_STRICT_OBJC_MSGSEND = YES;
				ENABLE_TESTABILITY = YES;
				ENABLE_USER_SCRIPT_SANDBOXING = YES;
				GCC_C_LANGUAGE_STANDARD = gnu17;
				GCC_DYNAMIC_NO_PIC = NO;
				GCC_NO_COMMON_BLOCKS = YES;
				GCC_OPTIMIZATION_LEVEL = 0;
				GCC_PREPROCESSOR_DEFINITIONS = (
					"DEBUG=1",
					"$(inherited)",
				);
				GCC_WARN_64_TO_32_BIT_CONVERSION = YES;
				GCC_WARN_ABOUT_RETURN_TYPE = YES_ERROR;
				GCC_WARN_UNDECLARED_SELECTOR = YES;
				GCC_WARN_UNINITIALIZED_AUTOS = YES_AGGRESSIVE;
				GCC_WARN_UNUSED_FUNCTION = YES;
				GCC_WARN_UNUSED_VARIABLE = YES;
				IPHONEOS_DEPLOYMENT_TARGET = 17.4;
				LOCALIZATION_PREFERS_STRING_CATALOGS = YES;
				MTL_ENABLE_DEBUG_INFO = INCLUDE_SOURCE;
				MTL_FAST_MATH = YES;
				ONLY_ACTIVE_ARCH = YES;
				SDKROOT = iphoneos;
				SWIFT_ACTIVE_COMPILATION_CONDITIONS = "DEBUG $(inherited)";
				SWIFT_OPTIMIZATION_LEVEL = "-Onone";
			};
			name = Debug;
		};
		1A46F5D62BED65B2007FD30A /* Release */ = {
			isa = XCBuildConfiguration;
			buildSettings = {
				ALWAYS_SEARCH_USER_PATHS = NO;
				ASSETCATALOG_COMPILER_GENERATE_SWIFT_ASSET_SYMBOL_EXTENSIONS = YES;
				CLANG_ANALYZER_NONNULL = YES;
				CLANG_ANALYZER_NUMBER_OBJECT_CONVERSION = YES_AGGRESSIVE;
				CLANG_CXX_LANGUAGE_STANDARD = "gnu++20";
				CLANG_ENABLE_MODULES = YES;
				CLANG_ENABLE_OBJC_ARC = YES;
				CLANG_ENABLE_OBJC_WEAK = YES;
				CLANG_WARN_BLOCK_CAPTURE_AUTORELEASING = YES;
				CLANG_WARN_BOOL_CONVERSION = YES;
				CLANG_WARN_COMMA = YES;
				CLANG_WARN_CONSTANT_CONVERSION = YES;
				CLANG_WARN_DEPRECATED_OBJC_IMPLEMENTATIONS = YES;
				CLANG_WARN_DIRECT_OBJC_ISA_USAGE = YES_ERROR;
				CLANG_WARN_DOCUMENTATION_COMMENTS = YES;
				CLANG_WARN_EMPTY_BODY = YES;
				CLANG_WARN_ENUM_CONVERSION = YES;
				CLANG_WARN_INFINITE_RECURSION = YES;
				CLANG_WARN_INT_CONVERSION = YES;
				CLANG_WARN_NON_LITERAL_NULL_CONVERSION = YES;
				CLANG_WARN_OBJC_IMPLICIT_RETAIN_SELF = YES;
				CLANG_WARN_OBJC_LITERAL_CONVERSION = YES;
				CLANG_WARN_OBJC_ROOT_CLASS = YES_ERROR;
				CLANG_WARN_QUOTED_INCLUDE_IN_FRAMEWORK_HEADER = YES;
				CLANG_WARN_RANGE_LOOP_ANALYSIS = YES;
				CLANG_WARN_STRICT_PROTOTYPES = YES;
				CLANG_WARN_SUSPICIOUS_MOVE = YES;
				CLANG_WARN_UNGUARDED_AVAILABILITY = YES_AGGRESSIVE;
				CLANG_WARN_UNREACHABLE_CODE = YES;
				CLANG_WARN__DUPLICATE_METHOD_MATCH = YES;
				COPY_PHASE_STRIP = NO;
				DEBUG_INFORMATION_FORMAT = "dwarf-with-dsym";
				ENABLE_NS_ASSERTIONS = NO;
				ENABLE_STRICT_OBJC_MSGSEND = YES;
				ENABLE_USER_SCRIPT_SANDBOXING = YES;
				GCC_C_LANGUAGE_STANDARD = gnu17;
				GCC_NO_COMMON_BLOCKS = YES;
				GCC_WARN_64_TO_32_BIT_CONVERSION = YES;
				GCC_WARN_ABOUT_RETURN_TYPE = YES_ERROR;
				GCC_WARN_UNDECLARED_SELECTOR = YES;
				GCC_WARN_UNINITIALIZED_AUTOS = YES_AGGRESSIVE;
				GCC_WARN_UNUSED_FUNCTION = YES;
				GCC_WARN_UNUSED_VARIABLE = YES;
				IPHONEOS_DEPLOYMENT_TARGET = 17.4;
				LOCALIZATION_PREFERS_STRING_CATALOGS = YES;
				MTL_ENABLE_DEBUG_INFO = NO;
				MTL_FAST_MATH = YES;
				SDKROOT = iphoneos;
				SWIFT_COMPILATION_MODE = wholemodule;
				VALIDATE_PRODUCT = YES;
			};
			name = Release;
		};
		1A46F5D82BED65B2007FD30A /* Debug */ = {
			isa = XCBuildConfiguration;
			buildSettings = {
				ALWAYS_EMBED_SWIFT_STANDARD_LIBRARIES = YES;
				ASSETCATALOG_COMPILER_APPICON_NAME = AppIcon;
				ASSETCATALOG_COMPILER_GLOBAL_ACCENT_COLOR_NAME = AccentColor;
				CODE_SIGN_STYLE = Automatic;
				CURRENT_PROJECT_VERSION = 1;
				DEVELOPMENT_ASSET_PATHS = "\"iWComm/Preview Content\"";
				DEVELOPMENT_TEAM = 9G2DU2SAH6;
				ENABLE_PREVIEWS = YES;
				GENERATE_INFOPLIST_FILE = YES;
				INFOPLIST_KEY_UIApplicationSceneManifest_Generation = YES;
				INFOPLIST_KEY_UIApplicationSupportsIndirectInputEvents = YES;
				INFOPLIST_KEY_UILaunchScreen_Generation = YES;
				INFOPLIST_KEY_UISupportedInterfaceOrientations_iPad = "UIInterfaceOrientationPortrait UIInterfaceOrientationPortraitUpsideDown UIInterfaceOrientationLandscapeLeft UIInterfaceOrientationLandscapeRight";
				INFOPLIST_KEY_UISupportedInterfaceOrientations_iPhone = "UIInterfaceOrientationPortrait UIInterfaceOrientationLandscapeLeft UIInterfaceOrientationLandscapeRight";
				LD_RUNPATH_SEARCH_PATHS = (
					"$(inherited)",
					"@executable_path/Frameworks",
				);
				MARKETING_VERSION = 1.0;
				PRODUCT_BUNDLE_IDENTIFIER = com.hasnaine.WCRnd.iWComm;
				PRODUCT_NAME = "$(TARGET_NAME)";
				SWIFT_EMIT_LOC_STRINGS = YES;
				SWIFT_VERSION = 5.0;
				TARGETED_DEVICE_FAMILY = "1,2";
			};
			name = Debug;
		};
		1A46F5D92BED65B2007FD30A /* Release */ = {
			isa = XCBuildConfiguration;
			buildSettings = {
				ALWAYS_EMBED_SWIFT_STANDARD_LIBRARIES = YES;
				ASSETCATALOG_COMPILER_APPICON_NAME = AppIcon;
				ASSETCATALOG_COMPILER_GLOBAL_ACCENT_COLOR_NAME = AccentColor;
				CODE_SIGN_STYLE = Automatic;
				CURRENT_PROJECT_VERSION = 1;
				DEVELOPMENT_ASSET_PATHS = "\"iWComm/Preview Content\"";
				DEVELOPMENT_TEAM = 9G2DU2SAH6;
				ENABLE_PREVIEWS = YES;
				GENERATE_INFOPLIST_FILE = YES;
				INFOPLIST_KEY_UIApplicationSceneManifest_Generation = YES;
				INFOPLIST_KEY_UIApplicationSupportsIndirectInputEvents = YES;
				INFOPLIST_KEY_UILaunchScreen_Generation = YES;
				INFOPLIST_KEY_UISupportedInterfaceOrientations_iPad = "UIInterfaceOrientationPortrait UIInterfaceOrientationPortraitUpsideDown UIInterfaceOrientationLandscapeLeft UIInterfaceOrientationLandscapeRight";
				INFOPLIST_KEY_UISupportedInterfaceOrientations_iPhone = "UIInterfaceOrientationPortrait UIInterfaceOrientationLandscapeLeft UIInterfaceOrientationLandscapeRight";
				LD_RUNPATH_SEARCH_PATHS = (
					"$(inherited)",
					"@executable_path/Frameworks",
				);
				MARKETING_VERSION = 1.0;
				PRODUCT_BUNDLE_IDENTIFIER = com.hasnaine.WCRnd.iWComm;
				PRODUCT_NAME = "$(TARGET_NAME)";
				SWIFT_EMIT_LOC_STRINGS = YES;
				SWIFT_VERSION = 5.0;
				TARGETED_DEVICE_FAMILY = "1,2";
			};
			name = Release;
		};
		1A46F6032BED6648007FD30A /* Debug */ = {
			isa = XCBuildConfiguration;
			buildSettings = {
				ASSETCATALOG_COMPILER_APPICON_NAME = AppIcon;
				ASSETCATALOG_COMPILER_GLOBAL_ACCENT_COLOR_NAME = AccentColor;
				CODE_SIGN_STYLE = Automatic;
				CURRENT_PROJECT_VERSION = 1;
				DEVELOPMENT_ASSET_PATHS = "\"iWCommWatch Watch App/Preview Content\"";
				DEVELOPMENT_TEAM = 9G2DU2SAH6;
				ENABLE_PREVIEWS = YES;
				GENERATE_INFOPLIST_FILE = YES;
				INFOPLIST_KEY_CFBundleDisplayName = iWCommWatch;
				INFOPLIST_KEY_UISupportedInterfaceOrientations = "UIInterfaceOrientationPortrait UIInterfaceOrientationPortraitUpsideDown";
				INFOPLIST_KEY_WKCompanionAppBundleIdentifier = com.hasnaine.WCRnd.iWComm;
				LD_RUNPATH_SEARCH_PATHS = (
					"$(inherited)",
					"@executable_path/Frameworks",
				);
				MARKETING_VERSION = 1.0;
				PRODUCT_BUNDLE_IDENTIFIER = com.hasnaine.WCRnd.iWComm.watchkitapp;
				PRODUCT_NAME = "$(TARGET_NAME)";
				SDKROOT = watchos;
				SKIP_INSTALL = YES;
				SWIFT_EMIT_LOC_STRINGS = YES;
				SWIFT_VERSION = 5.0;
				TARGETED_DEVICE_FAMILY = 4;
				WATCHOS_DEPLOYMENT_TARGET = 10.4;
			};
			name = Debug;
		};
		1A46F6042BED6648007FD30A /* Release */ = {
			isa = XCBuildConfiguration;
			buildSettings = {
				ASSETCATALOG_COMPILER_APPICON_NAME = AppIcon;
				ASSETCATALOG_COMPILER_GLOBAL_ACCENT_COLOR_NAME = AccentColor;
				CODE_SIGN_STYLE = Automatic;
				CURRENT_PROJECT_VERSION = 1;
				DEVELOPMENT_ASSET_PATHS = "\"iWCommWatch Watch App/Preview Content\"";
				DEVELOPMENT_TEAM = 9G2DU2SAH6;
				ENABLE_PREVIEWS = YES;
				GENERATE_INFOPLIST_FILE = YES;
				INFOPLIST_KEY_CFBundleDisplayName = iWCommWatch;
				INFOPLIST_KEY_UISupportedInterfaceOrientations = "UIInterfaceOrientationPortrait UIInterfaceOrientationPortraitUpsideDown";
				INFOPLIST_KEY_WKCompanionAppBundleIdentifier = com.hasnaine.WCRnd.iWComm;
				LD_RUNPATH_SEARCH_PATHS = (
					"$(inherited)",
					"@executable_path/Frameworks",
				);
				MARKETING_VERSION = 1.0;
				PRODUCT_BUNDLE_IDENTIFIER = com.hasnaine.WCRnd.iWComm.watchkitapp;
				PRODUCT_NAME = "$(TARGET_NAME)";
				SDKROOT = watchos;
				SKIP_INSTALL = YES;
				SWIFT_EMIT_LOC_STRINGS = YES;
				SWIFT_VERSION = 5.0;
				TARGETED_DEVICE_FAMILY = 4;
				WATCHOS_DEPLOYMENT_TARGET = 10.4;
			};
			name = Release;
		};
/* End XCBuildConfiguration section */

/* Begin XCConfigurationList section */
		1A46F5C42BED65B0007FD30A /* Build configuration list for PBXProject "iWComm" */ = {
			isa = XCConfigurationList;
			buildConfigurations = (
				1A46F5D52BED65B2007FD30A /* Debug */,
				1A46F5D62BED65B2007FD30A /* Release */,
			);
			defaultConfigurationIsVisible = 0;
			defaultConfigurationName = Release;
		};
		1A46F5D72BED65B2007FD30A /* Build configuration list for PBXNativeTarget "iWComm" */ = {
			isa = XCConfigurationList;
			buildConfigurations = (
				1A46F5D82BED65B2007FD30A /* Debug */,
				1A46F5D92BED65B2007FD30A /* Release */,
			);
			defaultConfigurationIsVisible = 0;
			defaultConfigurationName = Release;
		};
		1A46F6022BED6648007FD30A /* Build configuration list for PBXNativeTarget "iWCommWatch Watch App" */ = {
			isa = XCConfigurationList;
			buildConfigurations = (
				1A46F6032BED6648007FD30A /* Debug */,
				1A46F6042BED6648007FD30A /* Release */,
			);
			defaultConfigurationIsVisible = 0;
			defaultConfigurationName = Release;
		};
/* End XCConfigurationList section */
	};
	rootObject = 1A46F5C12BED65B0007FD30A /* Project object */;
}
